# This file is autogenerated, do not edit; changes may be undone by the next 'dep ensure'.


[[projects]]
  branch = "master"
  name = "github.com/dchest/blake2b"
  packages = ["."]
  revision = "06006a921c7d13e3fdf63c401cb0e4529a26e6e4"

[[projects]]
  name = "github.com/masterminds/semver"
  packages = ["."]
  revision = "15d8430ab86497c5c0da827b748823945e1cf1e1"
  version = "v1.4.0"

[[projects]]
  name = "github.com/nogoegst/balloon"
  packages = ["."]
  revision = "0cdb89b860fe8e09dc762b9d9310ea03919c2278"
  version = "v1.0.0"

[[projects]]
  name = "github.com/nogoegst/blake2xb"
  packages = ["."]
  revision = "c843f17c526477c1b35ae7298b60c2a61a6b7c1c"
  version = "v1.0.1"

[[projects]]
  name = "github.com/nogoegst/onionutil"
  packages = [
    ".",
    "pkcs1",
    "torparse"
  ]
  revision = "9e6926af662d42994031766a93333fae5c3930b2"
  version = "v0.3.0"

[[projects]]
  branch = "master"
  name = "golang.org/x/crypto"
  packages = [
    "ed25519",
    "ed25519/internal/edwards25519",
    "sha3"
  ]
  revision = "182114d582623c1caa54f73de9c7224e23a48487"

[solve-meta]
  analyzer-name = "dep"
  analyzer-version = 1
  inputs-digest = "7584c0d44fbf6c6b161b60b3e1203d09ee43509cdc44150255cc042c1830f8ab"
  solver-name = "gps-cdcl"
  solver-version = 1
